// !$*UTF8*$!
{
	archiveVersion = 1;
	classes = {
	};
	objectVersion = 56;
	objects = {

/* Begin PBXBuildFile section */
		91442BE02C17E4B2009B970F /* llmsApp.swift in Sources */ = {isa = PBXBuildFile; fileRef = 91442BDF2C17E4B2009B970F /* llmsApp.swift */; };
		91442BE22C17E4B2009B970F /* ContentView.swift in Sources */ = {isa = PBXBuildFile; fileRef = 91442BE12C17E4B2009B970F /* ContentView.swift */; };
		91442BE42C17E4B3009B970F /* Assets.xcassets in Resources */ = {isa = PBXBuildFile; fileRef = 91442BE32C17E4B3009B970F /* Assets.xcassets */; };
		91442BE82C17E4B3009B970F /* Preview Assets.xcassets in Resources */ = {isa = PBXBuildFile; fileRef = 91442BE72C17E4B3009B970F /* Preview Assets.xcassets */; };
		91442BF22C17E4B3009B970F /* llmsTests.swift in Sources */ = {isa = PBXBuildFile; fileRef = 91442BF12C17E4B3009B970F /* llmsTests.swift */; };
		91442BFC2C17E4B3009B970F /* llmsUITests.swift in Sources */ = {isa = PBXBuildFile; fileRef = 91442BFB2C17E4B3009B970F /* llmsUITests.swift */; };
		91442BFE2C17E4B3009B970F /* llmsUITestsLaunchTests.swift in Sources */ = {isa = PBXBuildFile; fileRef = 91442BFD2C17E4B3009B970F /* llmsUITestsLaunchTests.swift */; };
		91442C102C17E511009B970F /* HomeView.swift in Sources */ = {isa = PBXBuildFile; fileRef = 91442C0F2C17E511009B970F /* HomeView.swift */; };
		91442C122C17E530009B970F /* tabBar.swift in Sources */ = {isa = PBXBuildFile; fileRef = 91442C112C17E530009B970F /* tabBar.swift */; };
		91442C142C17E53D009B970F /* ProfileView.swift in Sources */ = {isa = PBXBuildFile; fileRef = 91442C132C17E53D009B970F /* ProfileView.swift */; };
		91442C162C17E547009B970F /* SubjectView.swift in Sources */ = {isa = PBXBuildFile; fileRef = 91442C152C17E547009B970F /* SubjectView.swift */; };
		91442C182C17E54E009B970F /* CourseView.swift in Sources */ = {isa = PBXBuildFile; fileRef = 91442C172C17E54E009B970F /* CourseView.swift */; };
		91442C1A2C17E55E009B970F /* LoginView.swift in Sources */ = {isa = PBXBuildFile; fileRef = 91442C192C17E55E009B970F /* LoginView.swift */; };
		91442C1C2C17E56A009B970F /* LockView.swift in Sources */ = {isa = PBXBuildFile; fileRef = 91442C1B2C17E56A009B970F /* LockView.swift */; };
		91442C202C17E5C5009B970F /* main.cpp in Sources */ = {isa = PBXBuildFile; fileRef = 91442C1F2C17E5C5009B970F /* main.cpp */; };
		91442C232C17E6E2009B970F /* sqlite3.c in Sources */ = {isa = PBXBuildFile; fileRef = 91442C212C17E6E2009B970F /* sqlite3.c */; };
		91442C242C17E6E2009B970F /* sqlite3.h in Sources */ = {isa = PBXBuildFile; fileRef = 91442C222C17E6E2009B970F /* sqlite3.h */; };
		91442C302C17EFCF009B970F /* studentInfo.swift in Sources */ = {isa = PBXBuildFile; fileRef = 91442C2F2C17EFCF009B970F /* studentInfo.swift */; };
/* End PBXBuildFile section */

/* Begin PBXContainerItemProxy section */
		91442BEE2C17E4B3009B970F /* PBXContainerItemProxy */ = {
			isa = PBXContainerItemProxy;
			containerPortal = 91442BD42C17E4B2009B970F /* Project object */;
			proxyType = 1;
			remoteGlobalIDString = 91442BDB2C17E4B2009B970F;
			remoteInfo = llms;
		};
		91442BF82C17E4B3009B970F /* PBXContainerItemProxy */ = {
			isa = PBXContainerItemProxy;
			containerPortal = 91442BD42C17E4B2009B970F /* Project object */;
			proxyType = 1;
			remoteGlobalIDString = 91442BDB2C17E4B2009B970F;
			remoteInfo = llms;
		};
/* End PBXContainerItemProxy section */

/* Begin PBXFileReference section */
		91442BDC2C17E4B2009B970F /* llms.app */ = {isa = PBXFileReference; explicitFileType = wrapper.application; includeInIndex = 0; path = llms.app; sourceTree = BUILT_PRODUCTS_DIR; };
		91442BDF2C17E4B2009B970F /* llmsApp.swift */ = {isa = PBXFileReference; lastKnownFileType = sourcecode.swift; path = llmsApp.swift; sourceTree = "<group>"; };
		91442BE12C17E4B2009B970F /* ContentView.swift */ = {isa = PBXFileReference; lastKnownFileType = sourcecode.swift; path = ContentView.swift; sourceTree = "<group>"; };
		91442BE32C17E4B3009B970F /* Assets.xcassets */ = {isa = PBXFileReference; lastKnownFileType = folder.assetcatalog; path = Assets.xcassets; sourceTree = "<group>"; };
		91442BE52C17E4B3009B970F /* llms.entitlements */ = {isa = PBXFileReference; lastKnownFileType = text.plist.entitlements; path = llms.entitlements; sourceTree = "<group>"; };
		91442BE72C17E4B3009B970F /* Preview Assets.xcassets */ = {isa = PBXFileReference; lastKnownFileType = folder.assetcatalog; path = "Preview Assets.xcassets"; sourceTree = "<group>"; };
		91442BED2C17E4B3009B970F /* llmsTests.xctest */ = {isa = PBXFileReference; explicitFileType = wrapper.cfbundle; includeInIndex = 0; path = llmsTests.xctest; sourceTree = BUILT_PRODUCTS_DIR; };
		91442BF12C17E4B3009B970F /* llmsTests.swift */ = {isa = PBXFileReference; lastKnownFileType = sourcecode.swift; path = llmsTests.swift; sourceTree = "<group>"; };
		91442BF72C17E4B3009B970F /* llmsUITests.xctest */ = {isa = PBXFileReference; explicitFileType = wrapper.cfbundle; includeInIndex = 0; path = llmsUITests.xctest; sourceTree = BUILT_PRODUCTS_DIR; };
		91442BFB2C17E4B3009B970F /* llmsUITests.swift */ = {isa = PBXFileReference; lastKnownFileType = sourcecode.swift; path = llmsUITests.swift; sourceTree = "<group>"; };
		91442BFD2C17E4B3009B970F /* llmsUITestsLaunchTests.swift */ = {isa = PBXFileReference; lastKnownFileType = sourcecode.swift; path = llmsUITestsLaunchTests.swift; sourceTree = "<group>"; };
		91442C0F2C17E511009B970F /* HomeView.swift */ = {isa = PBXFileReference; lastKnownFileType = sourcecode.swift; path = HomeView.swift; sourceTree = "<group>"; tabWidth = 4; };
		91442C112C17E530009B970F /* tabBar.swift */ = {isa = PBXFileReference; lastKnownFileType = sourcecode.swift; path = tabBar.swift; sourceTree = "<group>"; };
		91442C132C17E53D009B970F /* ProfileView.swift */ = {isa = PBXFileReference; lastKnownFileType = sourcecode.swift; path = ProfileView.swift; sourceTree = "<group>"; };
		91442C152C17E547009B970F /* SubjectView.swift */ = {isa = PBXFileReference; lastKnownFileType = sourcecode.swift; path = SubjectView.swift; sourceTree = "<group>"; };
		91442C172C17E54E009B970F /* CourseView.swift */ = {isa = PBXFileReference; lastKnownFileType = sourcecode.swift; path = CourseView.swift; sourceTree = "<group>"; };
		91442C192C17E55E009B970F /* LoginView.swift */ = {isa = PBXFileReference; lastKnownFileType = sourcecode.swift; path = LoginView.swift; sourceTree = "<group>"; };
		91442C1B2C17E56A009B970F /* LockView.swift */ = {isa = PBXFileReference; lastKnownFileType = sourcecode.swift; path = LockView.swift; sourceTree = "<group>"; };
		91442C1D2C17E5B8009B970F /* main.h */ = {isa = PBXFileReference; lastKnownFileType = sourcecode.c.h; path = main.h; sourceTree = "<group>"; };
		91442C1E2C17E5C4009B970F /* llms-Bridging-Header.h */ = {isa = PBXFileReference; lastKnownFileType = sourcecode.c.h; path = "llms-Bridging-Header.h"; sourceTree = "<group>"; };
		91442C1F2C17E5C5009B970F /* main.cpp */ = {isa = PBXFileReference; lastKnownFileType = sourcecode.cpp.cpp; path = main.cpp; sourceTree = "<group>"; };
		91442C212C17E6E2009B970F /* sqlite3.c */ = {isa = PBXFileReference; lastKnownFileType = sourcecode.c.c; name = sqlite3.c; path = "sqlite-amalgamation-3440200/sqlite3.c"; sourceTree = "<group>"; };
		91442C222C17E6E2009B970F /* sqlite3.h */ = {isa = PBXFileReference; lastKnownFileType = sourcecode.c.h; name = sqlite3.h; path = "sqlite-amalgamation-3440200/sqlite3.h"; sourceTree = "<group>"; };
		91442C252C17E722009B970F /* Util.h */ = {isa = PBXFileReference; lastKnownFileType = sourcecode.c.h; path = Util.h; sourceTree = "<group>"; };
		91442C262C17E77B009B970F /* DB_helper.h */ = {isa = PBXFileReference; lastKnownFileType = sourcecode.c.h; path = DB_helper.h; sourceTree = "<group>"; };
		91442C272C17E782009B970F /* Student.h */ = {isa = PBXFileReference; lastKnownFileType = sourcecode.c.h; path = Student.h; sourceTree = "<group>"; };
		91442C282C17E78B009B970F /* User.h */ = {isa = PBXFileReference; lastKnownFileType = sourcecode.c.h; path = User.h; sourceTree = "<group>"; };
		91442C292C17E792009B970F /* Teacher.h */ = {isa = PBXFileReference; lastKnownFileType = sourcecode.c.h; path = Teacher.h; sourceTree = "<group>"; };
		91442C2A2C17E79A009B970F /* TA.h */ = {isa = PBXFileReference; lastKnownFileType = sourcecode.c.h; path = TA.h; sourceTree = "<group>"; };
		91442C2B2C17E7A3009B970F /* Admin.h */ = {isa = PBXFileReference; lastKnownFileType = sourcecode.c.h; path = Admin.h; sourceTree = "<group>"; };
		91442C2C2C17E7AD009B970F /* Courses.h */ = {isa = PBXFileReference; lastKnownFileType = sourcecode.c.h; path = Courses.h; sourceTree = "<group>"; };
		91442C2D2C17E7B6009B970F /* Assignments.h */ = {isa = PBXFileReference; lastKnownFileType = sourcecode.c.h; path = Assignments.h; sourceTree = "<group>"; };
		91442C2E2C17E7BD009B970F /* Quizes.h */ = {isa = PBXFileReference; lastKnownFileType = sourcecode.c.h; path = Quizes.h; sourceTree = "<group>"; };
		91442C2F2C17EFCF009B970F /* studentInfo.swift */ = {isa = PBXFileReference; lastKnownFileType = sourcecode.swift; path = studentInfo.swift; sourceTree = "<group>"; };
/* End PBXFileReference section */

/* Begin PBXFrameworksBuildPhase section */
		91442BD92C17E4B2009B970F /* Frameworks */ = {
			isa = PBXFrameworksBuildPhase;
			buildActionMask = 2147483647;
			files = (
			);
			runOnlyForDeploymentPostprocessing = 0;
		};
		91442BEA2C17E4B3009B970F /* Frameworks */ = {
			isa = PBXFrameworksBuildPhase;
			buildActionMask = 2147483647;
			files = (
			);
			runOnlyForDeploymentPostprocessing = 0;
		};
		91442BF42C17E4B3009B970F /* Frameworks */ = {
			isa = PBXFrameworksBuildPhase;
			buildActionMask = 2147483647;
			files = (
			);
			runOnlyForDeploymentPostprocessing = 0;
		};
/* End PBXFrameworksBuildPhase section */

/* Begin PBXGroup section */
		91442BD32C17E4B2009B970F = {
			isa = PBXGroup;
			children = (
				91442C212C17E6E2009B970F /* sqlite3.c */,
				91442C222C17E6E2009B970F /* sqlite3.h */,
				91442BDE2C17E4B2009B970F /* llms */,
				91442BF02C17E4B3009B970F /* llmsTests */,
				91442BFA2C17E4B3009B970F /* llmsUITests */,
				91442BDD2C17E4B2009B970F /* Products */,
			);
			sourceTree = "<group>";
		};
		91442BDD2C17E4B2009B970F /* Products */ = {
			isa = PBXGroup;
			children = (
				91442BDC2C17E4B2009B970F /* llms.app */,
				91442BED2C17E4B3009B970F /* llmsTests.xctest */,
				91442BF72C17E4B3009B970F /* llmsUITests.xctest */,
			);
			name = Products;
			sourceTree = "<group>";
		};
		91442BDE2C17E4B2009B970F /* llms */ = {
			isa = PBXGroup;
			children = (
				91442BDF2C17E4B2009B970F /* llmsApp.swift */,
				91442BE12C17E4B2009B970F /* ContentView.swift */,
				91442BE32C17E4B3009B970F /* Assets.xcassets */,
				91442BE52C17E4B3009B970F /* llms.entitlements */,
				91442C0B2C17E4DB009B970F /* C++ */,
				91442C0A2C17E4D0009B970F /* Swift */,
				91442BE62C17E4B3009B970F /* Preview Content */,
			);
			path = llms;
			sourceTree = "<group>";
		};
		91442BE62C17E4B3009B970F /* Preview Content */ = {
			isa = PBXGroup;
			children = (
				91442BE72C17E4B3009B970F /* Preview Assets.xcassets */,
			);
			path = "Preview Content";
			sourceTree = "<group>";
		};
		91442BF02C17E4B3009B970F /* llmsTests */ = {
			isa = PBXGroup;
			children = (
				91442BF12C17E4B3009B970F /* llmsTests.swift */,
			);
			path = llmsTests;
			sourceTree = "<group>";
		};
		91442BFA2C17E4B3009B970F /* llmsUITests */ = {
			isa = PBXGroup;
			children = (
				91442BFB2C17E4B3009B970F /* llmsUITests.swift */,
				91442BFD2C17E4B3009B970F /* llmsUITestsLaunchTests.swift */,
			);
			path = llmsUITests;
			sourceTree = "<group>";
		};
		91442C0A2C17E4D0009B970F /* Swift */ = {
			isa = PBXGroup;
			children = (
				91442C112C17E530009B970F /* tabBar.swift */,
				91442C0F2C17E511009B970F /* HomeView.swift */,
				91442C132C17E53D009B970F /* ProfileView.swift */,
				91442C152C17E547009B970F /* SubjectView.swift */,
				91442C172C17E54E009B970F /* CourseView.swift */,
				91442C192C17E55E009B970F /* LoginView.swift */,
				91442C1B2C17E56A009B970F /* LockView.swift */,
				91442C2F2C17EFCF009B970F /* studentInfo.swift */,
			);
			path = Swift;
			sourceTree = "<group>";
		};
		91442C0B2C17E4DB009B970F /* C++ */ = {
			isa = PBXGroup;
			children = (
				91442C0E2C17E502009B970F /* Classes */,
				91442C0C2C17E4E3009B970F /* Bridging */,
			);
			path = "C++";
			sourceTree = "<group>";
		};
		91442C0C2C17E4E3009B970F /* Bridging */ = {
			isa = PBXGroup;
			children = (
				91442C1D2C17E5B8009B970F /* main.h */,
				91442C1F2C17E5C5009B970F /* main.cpp */,
				91442C1E2C17E5C4009B970F /* llms-Bridging-Header.h */,
			);
			path = Bridging;
			sourceTree = "<group>";
		};
		91442C0E2C17E502009B970F /* Classes */ = {
			isa = PBXGroup;
			children = (
				91442C252C17E722009B970F /* Util.h */,
				91442C262C17E77B009B970F /* DB_helper.h */,
				91442C282C17E78B009B970F /* User.h */,
				91442C272C17E782009B970F /* Student.h */,
				91442C292C17E792009B970F /* Teacher.h */,
				91442C2A2C17E79A009B970F /* TA.h */,
				91442C2B2C17E7A3009B970F /* Admin.h */,
				91442C2C2C17E7AD009B970F /* Courses.h */,
				91442C2D2C17E7B6009B970F /* Assignments.h */,
				91442C2E2C17E7BD009B970F /* Quizes.h */,
			);
			path = Classes;
			sourceTree = "<group>";
		};
/* End PBXGroup section */

/* Begin PBXNativeTarget section */
		91442BDB2C17E4B2009B970F /* llms */ = {
			isa = PBXNativeTarget;
			buildConfigurationList = 91442C012C17E4B3009B970F /* Build configuration list for PBXNativeTarget "llms" */;
			buildPhases = (
				91442BD82C17E4B2009B970F /* Sources */,
				91442BD92C17E4B2009B970F /* Frameworks */,
				91442BDA2C17E4B2009B970F /* Resources */,
			);
			buildRules = (
			);
			dependencies = (
			);
			name = llms;
			productName = llms;
			productReference = 91442BDC2C17E4B2009B970F /* llms.app */;
			productType = "com.apple.product-type.application";
		};
		91442BEC2C17E4B3009B970F /* llmsTests */ = {
			isa = PBXNativeTarget;
			buildConfigurationList = 91442C042C17E4B3009B970F /* Build configuration list for PBXNativeTarget "llmsTests" */;
			buildPhases = (
				91442BE92C17E4B3009B970F /* Sources */,
				91442BEA2C17E4B3009B970F /* Frameworks */,
				91442BEB2C17E4B3009B970F /* Resources */,
			);
			buildRules = (
			);
			dependencies = (
				91442BEF2C17E4B3009B970F /* PBXTargetDependency */,
			);
			name = llmsTests;
			productName = llmsTests;
			productReference = 91442BED2C17E4B3009B970F /* llmsTests.xctest */;
			productType = "com.apple.product-type.bundle.unit-test";
		};
		91442BF62C17E4B3009B970F /* llmsUITests */ = {
			isa = PBXNativeTarget;
			buildConfigurationList = 91442C072C17E4B3009B970F /* Build configuration list for PBXNativeTarget "llmsUITests" */;
			buildPhases = (
				91442BF32C17E4B3009B970F /* Sources */,
				91442BF42C17E4B3009B970F /* Frameworks */,
				91442BF52C17E4B3009B970F /* Resources */,
			);
			buildRules = (
			);
			dependencies = (
				91442BF92C17E4B3009B970F /* PBXTargetDependency */,
			);
			name = llmsUITests;
			productName = llmsUITests;
			productReference = 91442BF72C17E4B3009B970F /* llmsUITests.xctest */;
			productType = "com.apple.product-type.bundle.ui-testing";
		};
/* End PBXNativeTarget section */

/* Begin PBXProject section */
		91442BD42C17E4B2009B970F /* Project object */ = {
			isa = PBXProject;
			attributes = {
				BuildIndependentTargetsInParallel = 1;
				LastSwiftUpdateCheck = 1430;
				LastUpgradeCheck = 1430;
				TargetAttributes = {
					91442BDB2C17E4B2009B970F = {
						CreatedOnToolsVersion = 14.3.1;
						LastSwiftMigration = 1430;
					};
					91442BEC2C17E4B3009B970F = {
						CreatedOnToolsVersion = 14.3.1;
						TestTargetID = 91442BDB2C17E4B2009B970F;
					};
					91442BF62C17E4B3009B970F = {
						CreatedOnToolsVersion = 14.3.1;
						TestTargetID = 91442BDB2C17E4B2009B970F;
					};
				};
			};
			buildConfigurationList = 91442BD72C17E4B2009B970F /* Build configuration list for PBXProject "llms" */;
			compatibilityVersion = "Xcode 14.0";
			developmentRegion = en;
			hasScannedForEncodings = 0;
			knownRegions = (
				en,
				Base,
			);
			mainGroup = 91442BD32C17E4B2009B970F;
			productRefGroup = 91442BDD2C17E4B2009B970F /* Products */;
			projectDirPath = "";
			projectRoot = "";
			targets = (
				91442BDB2C17E4B2009B970F /* llms */,
				91442BEC2C17E4B3009B970F /* llmsTests */,
				91442BF62C17E4B3009B970F /* llmsUITests */,
			);
		};
/* End PBXProject section */

/* Begin PBXResourcesBuildPhase section */
		91442BDA2C17E4B2009B970F /* Resources */ = {
			isa = PBXResourcesBuildPhase;
			buildActionMask = 2147483647;
			files = (
				91442BE82C17E4B3009B970F /* Preview Assets.xcassets in Resources */,
				91442BE42C17E4B3009B970F /* Assets.xcassets in Resources */,
			);
			runOnlyForDeploymentPostprocessing = 0;
		};
		91442BEB2C17E4B3009B970F /* Resources */ = {
			isa = PBXResourcesBuildPhase;
			buildActionMask = 2147483647;
			files = (
			);
			runOnlyForDeploymentPostprocessing = 0;
		};
		91442BF52C17E4B3009B970F /* Resources */ = {
			isa = PBXResourcesBuildPhase;
			buildActionMask = 2147483647;
			files = (
			);
			runOnlyForDeploymentPostprocessing = 0;
		};
/* End PBXResourcesBuildPhase section */

/* Begin PBXSourcesBuildPhase section */
		91442BD82C17E4B2009B970F /* Sources */ = {
			isa = PBXSourcesBuildPhase;
			buildActionMask = 2147483647;
			files = (
				91442C232C17E6E2009B970F /* sqlite3.c in Sources */,
				91442C242C17E6E2009B970F /* sqlite3.h in Sources */,
				91442C102C17E511009B970F /* HomeView.swift in Sources */,
				91442C182C17E54E009B970F /* CourseView.swift in Sources */,
				91442C302C17EFCF009B970F /* studentInfo.swift in Sources */,
				91442C162C17E547009B970F /* SubjectView.swift in Sources */,
				91442BE22C17E4B2009B970F /* ContentView.swift in Sources */,
				91442C142C17E53D009B970F /* ProfileView.swift in Sources */,
				91442C1C2C17E56A009B970F /* LockView.swift in Sources */,
				91442BE02C17E4B2009B970F /* llmsApp.swift in Sources */,
				91442C1A2C17E55E009B970F /* LoginView.swift in Sources */,
				91442C202C17E5C5009B970F /* main.cpp in Sources */,
				91442C122C17E530009B970F /* tabBar.swift in Sources */,
			);
			runOnlyForDeploymentPostprocessing = 0;
		};
		91442BE92C17E4B3009B970F /* Sources */ = {
			isa = PBXSourcesBuildPhase;
			buildActionMask = 2147483647;
			files = (
				91442BF22C17E4B3009B970F /* llmsTests.swift in Sources */,
			);
			runOnlyForDeploymentPostprocessing = 0;
		};
		91442BF32C17E4B3009B970F /* Sources */ = {
			isa = PBXSourcesBuildPhase;
			buildActionMask = 2147483647;
			files = (
				91442BFE2C17E4B3009B970F /* llmsUITestsLaunchTests.swift in Sources */,
				91442BFC2C17E4B3009B970F /* llmsUITests.swift in Sources */,
			);
			runOnlyForDeploymentPostprocessing = 0;
		};
/* End PBXSourcesBuildPhase section */

/* Begin PBXTargetDependency section */
		91442BEF2C17E4B3009B970F /* PBXTargetDependency */ = {
			isa = PBXTargetDependency;
			target = 91442BDB2C17E4B2009B970F /* llms */;
			targetProxy = 91442BEE2C17E4B3009B970F /* PBXContainerItemProxy */;
		};
		91442BF92C17E4B3009B970F /* PBXTargetDependency */ = {
			isa = PBXTargetDependency;
			target = 91442BDB2C17E4B2009B970F /* llms */;
			targetProxy = 91442BF82C17E4B3009B970F /* PBXContainerItemProxy */;
		};
/* End PBXTargetDependency section */

/* Begin XCBuildConfiguration section */
		91442BFF2C17E4B3009B970F /* Debug */ = {
			isa = XCBuildConfiguration;
			buildSettings = {
				ALWAYS_SEARCH_USER_PATHS = NO;
				CLANG_ANALYZER_NONNULL = YES;
				CLANG_ANALYZER_NUMBER_OBJECT_CONVERSION = YES_AGGRESSIVE;
				CLANG_CXX_LANGUAGE_STANDARD = "gnu++20";
				CLANG_ENABLE_MODULES = YES;
				CLANG_ENABLE_OBJC_ARC = YES;
				CLANG_ENABLE_OBJC_WEAK = YES;
				CLANG_WARN_BLOCK_CAPTURE_AUTORELEASING = YES;
				CLANG_WARN_BOOL_CONVERSION = YES;
				CLANG_WARN_COMMA = YES;
				CLANG_WARN_CONSTANT_CONVERSION = YES;
				CLANG_WARN_DEPRECATED_OBJC_IMPLEMENTATIONS = YES;
				CLANG_WARN_DIRECT_OBJC_ISA_USAGE = YES_ERROR;
				CLANG_WARN_DOCUMENTATION_COMMENTS = YES;
				CLANG_WARN_EMPTY_BODY = YES;
				CLANG_WARN_ENUM_CONVERSION = YES;
				CLANG_WARN_INFINITE_RECURSION = YES;
				CLANG_WARN_INT_CONVERSION = YES;
				CLANG_WARN_NON_LITERAL_NULL_CONVERSION = YES;
				CLANG_WARN_OBJC_IMPLICIT_RETAIN_SELF = YES;
				CLANG_WARN_OBJC_LITERAL_CONVERSION = YES;
				CLANG_WARN_OBJC_ROOT_CLASS = YES_ERROR;
				CLANG_WARN_QUOTED_INCLUDE_IN_FRAMEWORK_HEADER = YES;
				CLANG_WARN_RANGE_LOOP_ANALYSIS = YES;
				CLANG_WARN_STRICT_PROTOTYPES = YES;
				CLANG_WARN_SUSPICIOUS_MOVE = YES;
				CLANG_WARN_UNGUARDED_AVAILABILITY = YES_AGGRESSIVE;
				CLANG_WARN_UNREACHABLE_CODE = YES;
				CLANG_WARN__DUPLICATE_METHOD_MATCH = YES;
				COPY_PHASE_STRIP = NO;
				DEBUG_INFORMATION_FORMAT = dwarf;
				ENABLE_STRICT_OBJC_MSGSEND = YES;
				ENABLE_TESTABILITY = YES;
				GCC_C_LANGUAGE_STANDARD = gnu11;
				GCC_DYNAMIC_NO_PIC = NO;
				GCC_NO_COMMON_BLOCKS = YES;
				GCC_OPTIMIZATION_LEVEL = 0;
				GCC_PREPROCESSOR_DEFINITIONS = (
					"DEBUG=1",
					"$(inherited)",
				);
				GCC_WARN_64_TO_32_BIT_CONVERSION = YES;
				GCC_WARN_ABOUT_RETURN_TYPE = YES_ERROR;
				GCC_WARN_UNDECLARED_SELECTOR = YES;
				GCC_WARN_UNINITIALIZED_AUTOS = YES_AGGRESSIVE;
				GCC_WARN_UNUSED_FUNCTION = YES;
				GCC_WARN_UNUSED_VARIABLE = YES;
				MTL_ENABLE_DEBUG_INFO = INCLUDE_SOURCE;
				MTL_FAST_MATH = YES;
				ONLY_ACTIVE_ARCH = YES;
				SWIFT_ACTIVE_COMPILATION_CONDITIONS = DEBUG;
				SWIFT_OPTIMIZATION_LEVEL = "-Onone";
			};
			name = Debug;
		};
		91442C002C17E4B3009B970F /* Release */ = {
			isa = XCBuildConfiguration;
			buildSettings = {
				ALWAYS_SEARCH_USER_PATHS = NO;
				CLANG_ANALYZER_NONNULL = YES;
				CLANG_ANALYZER_NUMBER_OBJECT_CONVERSION = YES_AGGRESSIVE;
				CLANG_CXX_LANGUAGE_STANDARD = "gnu++20";
				CLANG_ENABLE_MODULES = YES;
				CLANG_ENABLE_OBJC_ARC = YES;
				CLANG_ENABLE_OBJC_WEAK = YES;
				CLANG_WARN_BLOCK_CAPTURE_AUTORELEASING = YES;
				CLANG_WARN_BOOL_CONVERSION = YES;
				CLANG_WARN_COMMA = YES;
				CLANG_WARN_CONSTANT_CONVERSION = YES;
				CLANG_WARN_DEPRECATED_OBJC_IMPLEMENTATIONS = YES;
				CLANG_WARN_DIRECT_OBJC_ISA_USAGE = YES_ERROR;
				CLANG_WARN_DOCUMENTATION_COMMENTS = YES;
				CLANG_WARN_EMPTY_BODY = YES;
				CLANG_WARN_ENUM_CONVERSION = YES;
				CLANG_WARN_INFINITE_RECURSION = YES;
				CLANG_WARN_INT_CONVERSION = YES;
				CLANG_WARN_NON_LITERAL_NULL_CONVERSION = YES;
				CLANG_WARN_OBJC_IMPLICIT_RETAIN_SELF = YES;
				CLANG_WARN_OBJC_LITERAL_CONVERSION = YES;
				CLANG_WARN_OBJC_ROOT_CLASS = YES_ERROR;
				CLANG_WARN_QUOTED_INCLUDE_IN_FRAMEWORK_HEADER = YES;
				CLANG_WARN_RANGE_LOOP_ANALYSIS = YES;
				CLANG_WARN_STRICT_PROTOTYPES = YES;
				CLANG_WARN_SUSPICIOUS_MOVE = YES;
				CLANG_WARN_UNGUARDED_AVAILABILITY = YES_AGGRESSIVE;
				CLANG_WARN_UNREACHABLE_CODE = YES;
				CLANG_WARN__DUPLICATE_METHOD_MATCH = YES;
				COPY_PHASE_STRIP = NO;
				DEBUG_INFORMATION_FORMAT = "dwarf-with-dsym";
				ENABLE_NS_ASSERTIONS = NO;
				ENABLE_STRICT_OBJC_MSGSEND = YES;
				GCC_C_LANGUAGE_STANDARD = gnu11;
				GCC_NO_COMMON_BLOCKS = YES;
				GCC_WARN_64_TO_32_BIT_CONVERSION = YES;
				GCC_WARN_ABOUT_RETURN_TYPE = YES_ERROR;
				GCC_WARN_UNDECLARED_SELECTOR = YES;
				GCC_WARN_UNINITIALIZED_AUTOS = YES_AGGRESSIVE;
				GCC_WARN_UNUSED_FUNCTION = YES;
				GCC_WARN_UNUSED_VARIABLE = YES;
				MTL_ENABLE_DEBUG_INFO = NO;
				MTL_FAST_MATH = YES;
				SWIFT_COMPILATION_MODE = wholemodule;
				SWIFT_OPTIMIZATION_LEVEL = "-O";
			};
			name = Release;
		};
		91442C022C17E4B3009B970F /* Debug */ = {
			isa = XCBuildConfiguration;
			buildSettings = {
				ASSETCATALOG_COMPILER_APPICON_NAME = AppIcon;
				ASSETCATALOG_COMPILER_GLOBAL_ACCENT_COLOR_NAME = AccentColor;
				CLANG_ENABLE_MODULES = YES;
				CODE_SIGN_ENTITLEMENTS = llms/llms.entitlements;
				CODE_SIGN_STYLE = Automatic;
				CURRENT_PROJECT_VERSION = 1;
				DEVELOPMENT_ASSET_PATHS = "\"llms/Preview Content\"";
				ENABLE_PREVIEWS = YES;
				GENERATE_INFOPLIST_FILE = YES;
				HEADER_SEARCH_PATHS = "${SRCROOT}/sqlite-amalgamation-3440200/sqlite3.h";
				"INFOPLIST_KEY_UIApplicationSceneManifest_Generation[sdk=iphoneos*]" = YES;
				"INFOPLIST_KEY_UIApplicationSceneManifest_Generation[sdk=iphonesimulator*]" = YES;
				"INFOPLIST_KEY_UIApplicationSupportsIndirectInputEvents[sdk=iphoneos*]" = YES;
				"INFOPLIST_KEY_UIApplicationSupportsIndirectInputEvents[sdk=iphonesimulator*]" = YES;
				"INFOPLIST_KEY_UILaunchScreen_Generation[sdk=iphoneos*]" = YES;
				"INFOPLIST_KEY_UILaunchScreen_Generation[sdk=iphonesimulator*]" = YES;
				"INFOPLIST_KEY_UIStatusBarStyle[sdk=iphoneos*]" = UIStatusBarStyleDefault;
				"INFOPLIST_KEY_UIStatusBarStyle[sdk=iphonesimulator*]" = UIStatusBarStyleDefault;
				INFOPLIST_KEY_UISupportedInterfaceOrientations_iPad = "UIInterfaceOrientationPortrait UIInterfaceOrientationPortraitUpsideDown UIInterfaceOrientationLandscapeLeft UIInterfaceOrientationLandscapeRight";
				INFOPLIST_KEY_UISupportedInterfaceOrientations_iPhone = "UIInterfaceOrientationPortrait UIInterfaceOrientationLandscapeLeft UIInterfaceOrientationLandscapeRight";
				IPHONEOS_DEPLOYMENT_TARGET = 16.4;
				LD_RUNPATH_SEARCH_PATHS = "@executable_path/Frameworks";
				"LD_RUNPATH_SEARCH_PATHS[sdk=macosx*]" = "@executable_path/../Frameworks";
				MACOSX_DEPLOYMENT_TARGET = 13.3;
				MARKETING_VERSION = 1.0;
				PRODUCT_BUNDLE_IDENTIFIER = S1.llms;
				PRODUCT_NAME = "$(TARGET_NAME)";
				SDKROOT = auto;
				SUPPORTED_PLATFORMS = "iphoneos iphonesimulator macosx";
				SWIFT_EMIT_LOC_STRINGS = YES;
				SWIFT_OBJC_BRIDGING_HEADER = "llms/C++/Bridging/llms-Bridging-Header.h";
				SWIFT_OPTIMIZATION_LEVEL = "-Onone";
				SWIFT_VERSION = 5.0;
				TARGETED_DEVICE_FAMILY = "1,2";
			};
			name = Debug;
		};
		91442C032C17E4B3009B970F /* Release */ = {
			isa = XCBuildConfiguration;
			buildSettings = {
				ASSETCATALOG_COMPILER_APPICON_NAME = AppIcon;
				ASSETCATALOG_COMPILER_GLOBAL_ACCENT_COLOR_NAME = AccentColor;
				CLANG_ENABLE_MODULES = YES;
				CODE_SIGN_ENTITLEMENTS = llms/llms.entitlements;
				CODE_SIGN_STYLE = Automatic;
				CURRENT_PROJECT_VERSION = 1;
				DEVELOPMENT_ASSET_PATHS = "\"llms/Preview Content\"";
				ENABLE_PREVIEWS = YES;
				GENERATE_INFOPLIST_FILE = YES;
				HEADER_SEARCH_PATHS = "${SRCROOT}/sqlite-amalgamation-3440200/sqlite3.h";
				"INFOPLIST_KEY_UIApplicationSceneManifest_Generation[sdk=iphoneos*]" = YES;
				"INFOPLIST_KEY_UIApplicationSceneManifest_Generation[sdk=iphonesimulator*]" = YES;
				"INFOPLIST_KEY_UIApplicationSupportsIndirectInputEvents[sdk=iphoneos*]" = YES;
				"INFOPLIST_KEY_UIApplicationSupportsIndirectInputEvents[sdk=iphonesimulator*]" = YES;
				"INFOPLIST_KEY_UILaunchScreen_Generation[sdk=iphoneos*]" = YES;
				"INFOPLIST_KEY_UILaunchScreen_Generation[sdk=iphonesimulator*]" = YES;
				"INFOPLIST_KEY_UIStatusBarStyle[sdk=iphoneos*]" = UIStatusBarStyleDefault;
				"INFOPLIST_KEY_UIStatusBarStyle[sdk=iphonesimulator*]" = UIStatusBarStyleDefault;
				INFOPLIST_KEY_UISupportedInterfaceOrientations_iPad = "UIInterfaceOrientationPortrait UIInterfaceOrientationPortraitUpsideDown UIInterfaceOrientationLandscapeLeft UIInterfaceOrientationLandscapeRight";
				INFOPLIST_KEY_UISupportedInterfaceOrientations_iPhone = "UIInterfaceOrientationPortrait UIInterfaceOrientationLandscapeLeft UIInterfaceOrientationLandscapeRight";
				IPHONEOS_DEPLOYMENT_TARGET = 16.4;
				LD_RUNPATH_SEARCH_PATHS = "@executable_path/Frameworks";
				"LD_RUNPATH_SEARCH_PATHS[sdk=macosx*]" = "@executable_path/../Frameworks";
				MACOSX_DEPLOYMENT_TARGET = 13.3;
				MARKETING_VERSION = 1.0;
				PRODUCT_BUNDLE_IDENTIFIER = S1.llms;
				PRODUCT_NAME = "$(TARGET_NAME)";
				SDKROOT = auto;
				SUPPORTED_PLATFORMS = "iphoneos iphonesimulator macosx";
				SWIFT_EMIT_LOC_STRINGS = YES;
				SWIFT_OBJC_BRIDGING_HEADER = "llms/C++/Bridging/llms-Bridging-Header.h";
				SWIFT_VERSION = 5.0;
				TARGETED_DEVICE_FAMILY = "1,2";
			};
			name = Release;
		};
		91442C052C17E4B3009B970F /* Debug */ = {
			isa = XCBuildConfiguration;
			buildSettings = {
				ALWAYS_EMBED_SWIFT_STANDARD_LIBRARIES = YES;
				BUNDLE_LOADER = "$(TEST_HOST)";
				CODE_SIGN_STYLE = Automatic;
				CURRENT_PROJECT_VERSION = 1;
				GENERATE_INFOPLIST_FILE = YES;
				IPHONEOS_DEPLOYMENT_TARGET = 16.4;
				MACOSX_DEPLOYMENT_TARGET = 13.3;
				MARKETING_VERSION = 1.0;
				PRODUCT_BUNDLE_IDENTIFIER = S1.llmsTests;
				PRODUCT_NAME = "$(TARGET_NAME)";
				SDKROOT = auto;
				SUPPORTED_PLATFORMS = "iphoneos iphonesimulator macosx";
				SWIFT_EMIT_LOC_STRINGS = NO;
				SWIFT_VERSION = 5.0;
				TARGETED_DEVICE_FAMILY = "1,2";
				TEST_HOST = "$(BUILT_PRODUCTS_DIR)/llms.app/$(BUNDLE_EXECUTABLE_FOLDER_PATH)/llms";
			};
			name = Debug;
		};
		91442C062C17E4B3009B970F /* Release */ = {
			isa = XCBuildConfiguration;
			buildSettings = {
				ALWAYS_EMBED_SWIFT_STANDARD_LIBRARIES = YES;
				BUNDLE_LOADER = "$(TEST_HOST)";
				CODE_SIGN_STYLE = Automatic;
				CURRENT_PROJECT_VERSION = 1;
				GENERATE_INFOPLIST_FILE = YES;
				IPHONEOS_DEPLOYMENT_TARGET = 16.4;
				MACOSX_DEPLOYMENT_TARGET = 13.3;
				MARKETING_VERSION = 1.0;
				PRODUCT_BUNDLE_IDENTIFIER = S1.llmsTests;
				PRODUCT_NAME = "$(TARGET_NAME)";
				SDKROOT = auto;
				SUPPORTED_PLATFORMS = "iphoneos iphonesimulator macosx";
				SWIFT_EMIT_LOC_STRINGS = NO;
				SWIFT_VERSION = 5.0;
				TARGETED_DEVICE_FAMILY = "1,2";
				TEST_HOST = "$(BUILT_PRODUCTS_DIR)/llms.app/$(BUNDLE_EXECUTABLE_FOLDER_PATH)/llms";
			};
			name = Release;
		};
		91442C082C17E4B3009B970F /* Debug */ = {
			isa = XCBuildConfiguration;
			buildSettings = {
				ALWAYS_EMBED_SWIFT_STANDARD_LIBRARIES = YES;
				CODE_SIGN_STYLE = Automatic;
				CURRENT_PROJECT_VERSION = 1;
				GENERATE_INFOPLIST_FILE = YES;
				IPHONEOS_DEPLOYMENT_TARGET = 16.4;
				MACOSX_DEPLOYMENT_TARGET = 13.3;
				MARKETING_VERSION = 1.0;
				PRODUCT_BUNDLE_IDENTIFIER = S1.llmsUITests;
				PRODUCT_NAME = "$(TARGET_NAME)";
				SDKROOT = auto;
				SUPPORTED_PLATFORMS = "iphoneos iphonesimulator macosx";
				SWIFT_EMIT_LOC_STRINGS = NO;
				SWIFT_VERSION = 5.0;
				TARGETED_DEVICE_FAMILY = "1,2";
				TEST_TARGET_NAME = llms;
			};
			name = Debug;
		};
		91442C092C17E4B3009B970F /* Release */ = {
			isa = XCBuildConfiguration;
			buildSettings = {
				ALWAYS_EMBED_SWIFT_STANDARD_LIBRARIES = YES;
				CODE_SIGN_STYLE = Automatic;
				CURRENT_PROJECT_VERSION = 1;
				GENERATE_INFOPLIST_FILE = YES;
				IPHONEOS_DEPLOYMENT_TARGET = 16.4;
				MACOSX_DEPLOYMENT_TARGET = 13.3;
				MARKETING_VERSION = 1.0;
				PRODUCT_BUNDLE_IDENTIFIER = S1.llmsUITests;
				PRODUCT_NAME = "$(TARGET_NAME)";
				SDKROOT = auto;
				SUPPORTED_PLATFORMS = "iphoneos iphonesimulator macosx";
				SWIFT_EMIT_LOC_STRINGS = NO;
				SWIFT_VERSION = 5.0;
				TARGETED_DEVICE_FAMILY = "1,2";
				TEST_TARGET_NAME = llms;
			};
			name = Release;
		};
/* End XCBuildConfiguration section */

/* Begin XCConfigurationList section */
		91442BD72C17E4B2009B970F /* Build configuration list for PBXProject "llms" */ = {
			isa = XCConfigurationList;
			buildConfigurations = (
				91442BFF2C17E4B3009B970F /* Debug */,
				91442C002C17E4B3009B970F /* Release */,
			);
			defaultConfigurationIsVisible = 0;
			defaultConfigurationName = Release;
		};
		91442C012C17E4B3009B970F /* Build configuration list for PBXNativeTarget "llms" */ = {
			isa = XCConfigurationList;
			buildConfigurations = (
				91442C022C17E4B3009B970F /* Debug */,
				91442C032C17E4B3009B970F /* Release */,
			);
			defaultConfigurationIsVisible = 0;
			defaultConfigurationName = Release;
		};
		91442C042C17E4B3009B970F /* Build configuration list for PBXNativeTarget "llmsTests" */ = {
			isa = XCConfigurationList;
			buildConfigurations = (
				91442C052C17E4B3009B970F /* Debug */,
				91442C062C17E4B3009B970F /* Release */,
			);
			defaultConfigurationIsVisible = 0;
			defaultConfigurationName = Release;
		};
		91442C072C17E4B3009B970F /* Build configuration list for PBXNativeTarget "llmsUITests" */ = {
			isa = XCConfigurationList;
			buildConfigurations = (
				91442C082C17E4B3009B970F /* Debug */,
				91442C092C17E4B3009B970F /* Release */,
			);
			defaultConfigurationIsVisible = 0;
			defaultConfigurationName = Release;
		};
/* End XCConfigurationList section */
	};
	rootObject = 91442BD42C17E4B2009B970F /* Project object */;
}
